
Microsoft Visual Studio Solution File, Format Version 12.00
# Visual Studio Version 17
VisualStudioVersion = 17.6.33801.468
MinimumVisualStudioVersion = 10.0.40219.1
Project("{9A19103F-16F7-4668-BE54-9A1E7A4F7556}") = "MangaLibraryAPI", "MangaLibraryAPI\MangaLibraryAPI.csproj", "{17D9A61E-73C5-4127-A7C3-B58385B4985E}"
EndProject
Global
	GlobalSection(SolutionConfigurationPlatforms) = preSolution
		Debug|Any CPU = Debug|Any CPU
		Release|Any CPU = Release|Any CPU
	EndGlobalSection
	GlobalSection(ProjectConfigurationPlatforms) = postSolution
		{17D9A61E-73C5-4127-A7C3-B58385B4985E}.Debug|Any CPU.ActiveCfg = Debug|Any CPU
		{17D9A61E-73C5-4127-A7C3-B58385B4985E}.Debug|Any CPU.Build.0 = Debug|Any CPU
		{17D9A61E-73C5-4127-A7C3-B58385B4985E}.Release|Any CPU.ActiveCfg = Release|Any CPU
		{17D9A61E-73C5-4127-A7C3-B58385B4985E}.Release|Any CPU.Build.0 = Release|Any CPU
	EndGlobalSection
	GlobalSection(SolutionProperties) = preSolution
		HideSolutionNode = FALSE
	EndGlobalSection
	GlobalSection(ExtensibilityGlobals) = postSolution
		SolutionGuid = {B2013B6C-1A68-499E-97BC-9DEC9ACEE9AA}
	EndGlobalSection
EndGlobal
